
Microsoft Visual Studio Solution File, Format Version 12.00
# Visual Studio Version 17
VisualStudioVersion = 17.4.33122.133
MinimumVisualStudioVersion = 10.0.40219.1
Project("{9A19103F-16F7-4668-BE54-9A1E7A4F7556}") = "APS2", "APS2\APS2.csproj", "{19CDF13A-9926-4886-942D-CD9B0FB17447}"
EndProject
Project("{2150E333-8FDC-42A3-9474-1A3956D46DE8}") = "Solution Items", "Solution Items", "{8207D01E-0FB4-4ED1-BE6D-BA01BB62316B}"
	ProjectSection(SolutionItems) = preProject
		.editorconfig = .editorconfig
	EndProjectSection
EndProject
Global
	GlobalSection(SolutionConfigurationPlatforms) = preSolution
		Debug|Any CPU = Debug|Any CPU
		Release|Any CPU = Release|Any CPU
	EndGlobalSection
	GlobalSection(ProjectConfigurationPlatforms) = postSolution
		{19CDF13A-9926-4886-942D-CD9B0FB17447}.Debug|Any CPU.ActiveCfg = Debug|Any CPU
		{19CDF13A-9926-4886-942D-CD9B0FB17447}.Debug|Any CPU.Build.0 = Debug|Any CPU
		{19CDF13A-9926-4886-942D-CD9B0FB17447}.Release|Any CPU.ActiveCfg = Release|Any CPU
		{19CDF13A-9926-4886-942D-CD9B0FB17447}.Release|Any CPU.Build.0 = Release|Any CPU
	EndGlobalSection
	GlobalSection(SolutionProperties) = preSolution
		HideSolutionNode = FALSE
	EndGlobalSection
	GlobalSection(ExtensibilityGlobals) = postSolution
		SolutionGuid = {3B2CCF25-3BC1-4151-B934-446617BBC6FF}
	EndGlobalSection
EndGlobal
